
Microsoft Visual Studio Solution File, Format Version 12.00
# Visual Studio Version 16
VisualStudioVersion = 16.0.31702.278
MinimumVisualStudioVersion = 10.0.40219.1
Project("{FAE04EC0-301F-11D3-BF4B-00C04F79EFBC}") = "Homeohelp.Server", "Homeohelp.Server\Homeohelp.Server.csproj", "{2519BBAA-09A6-4F94-8A03-0D38B41DC204}"
EndProject
Global
	GlobalSection(SolutionConfigurationPlatforms) = preSolution
		Debug|Any CPU = Debug|Any CPU
		Release|Any CPU = Release|Any CPU
	EndGlobalSection
	GlobalSection(ProjectConfigurationPlatforms) = postSolution
		{2519BBAA-09A6-4F94-8A03-0D38B41DC204}.Debug|Any CPU.ActiveCfg = Debug|Any CPU
		{2519BBAA-09A6-4F94-8A03-0D38B41DC204}.Debug|Any CPU.Build.0 = Debug|Any CPU
		{2519BBAA-09A6-4F94-8A03-0D38B41DC204}.Release|Any CPU.ActiveCfg = Release|Any CPU
		{2519BBAA-09A6-4F94-8A03-0D38B41DC204}.Release|Any CPU.Build.0 = Release|Any CPU
	EndGlobalSection
	GlobalSection(SolutionProperties) = preSolution
		HideSolutionNode = FALSE
	EndGlobalSection
	GlobalSection(ExtensibilityGlobals) = postSolution
		SolutionGuid = {DFCEE30B-FF27-4BAA-8C18-730609FCA98F}
	EndGlobalSection
EndGlobal
